
Microsoft Visual Studio Solution File, Format Version 12.00
# Visual Studio 15
VisualStudioVersion = 15.0.26730.16
MinimumVisualStudioVersion = 10.0.40219.1
Project("{FAE04EC0-301F-11D3-BF4B-00C04F79EFBC}") = "TOIFeedServer", "TOIFeedServer\TOIFeedServer.csproj", "{DCEBD9C8-E45A-4A86-A318-0BD0CA22DA69}"
EndProject
Project("{FAE04EC0-301F-11D3-BF4B-00C04F79EFBC}") = "TOIFeedServer.Tests", "TOIFeedServer.Tests\TOIFeedServer.Tests.csproj", "{85FF5B6A-AD30-4503-BFCC-207A16F109AF}"
EndProject
Project("{D954291E-2A0B-460D-934E-DC6B0785DB48}") = "TOIMobileClient", "TOIMobileClient\TOIMobileClient\TOIMobileClient.shproj", "{A24CD33D-515D-47DD-8ABF-EEFE6DD80501}"
EndProject
Project("{FAE04EC0-301F-11D3-BF4B-00C04F79EFBC}") = "TOIMobileClient.Android", "TOIMobileClient\TOIMobileClient.Android\TOIMobileClient.Android.csproj", "{92426673-18CA-4C0C-96B7-739401003D65}"
EndProject
Project("{FAE04EC0-301F-11D3-BF4B-00C04F79EFBC}") = "TOIMobileClient.iOS", "TOIMobileClient\TOIMobileClient.iOS\TOIMobileClient.iOS.csproj", "{6D8D30DE-7496-4A2B-B05D-1316C3EEDD52}"
EndProject
Project("{FAE04EC0-301F-11D3-BF4B-00C04F79EFBC}") = "TOIMobileClient.Tests", "TOIMobileClient.Tests\TOIMobileClient.Tests.csproj", "{155C2D1F-9482-4FDC-A9A3-19CFEDB845F0}"
EndProject
Project("{FAE04EC0-301F-11D3-BF4B-00C04F79EFBC}") = "TOIWebClient", "TOIWebClient\TOIWebClient.csproj", "{07D644BD-3CB1-4578-8972-419E54B8BB7A}"
EndProject
Project("{FAE04EC0-301F-11D3-BF4B-00C04F79EFBC}") = "TOIWebClient.Tests", "TOIWebClient.Tests\TOIWebClient.Tests.csproj", "{7DA892A3-D0E0-4DBC-AB65-116DB907A9A5}"
EndProject
Project("{FAE04EC0-301F-11D3-BF4B-00C04F79EFBC}") = "TOIFeedRepo", "TOIFeedRepo\TOIFeedRepo.csproj", "{D28ABCF8-63A0-4E3A-8DC3-E706176D5A7D}"
EndProject
Project("{FAE04EC0-301F-11D3-BF4B-00C04F79EFBC}") = "TOIFeedRepo.Tests", "TOIFeedRepo.Tests\TOIFeedRepo.Tests.csproj", "{21375F40-553A-4ADC-8D57-866FA341857E}"
EndProject
Global
	GlobalSection(SharedMSBuildProjectFiles) = preSolution
		TOIMobileClient\TOIMobileClient\TOIMobileClient.projitems*{6d8d30de-7496-4a2b-b05d-1316c3eedd52}*SharedItemsImports = 4
		TOIMobileClient\TOIMobileClient\TOIMobileClient.projitems*{92426673-18ca-4c0c-96b7-739401003d65}*SharedItemsImports = 4
		TOIMobileClient\TOIMobileClient\TOIMobileClient.projitems*{a24cd33d-515d-47dd-8abf-eefe6dd80501}*SharedItemsImports = 13
	EndGlobalSection
	GlobalSection(SolutionConfigurationPlatforms) = preSolution
		Ad-Hoc|Any CPU = Ad-Hoc|Any CPU
		Ad-Hoc|ARM = Ad-Hoc|ARM
		Ad-Hoc|iPhone = Ad-Hoc|iPhone
		Ad-Hoc|iPhoneSimulator = Ad-Hoc|iPhoneSimulator
		Ad-Hoc|x64 = Ad-Hoc|x64
		Ad-Hoc|x86 = Ad-Hoc|x86
		AppStore|Any CPU = AppStore|Any CPU
		AppStore|ARM = AppStore|ARM
		AppStore|iPhone = AppStore|iPhone
		AppStore|iPhoneSimulator = AppStore|iPhoneSimulator
		AppStore|x64 = AppStore|x64
		AppStore|x86 = AppStore|x86
		Debug|Any CPU = Debug|Any CPU
		Debug|ARM = Debug|ARM
		Debug|iPhone = Debug|iPhone
		Debug|iPhoneSimulator = Debug|iPhoneSimulator
		Debug|x64 = Debug|x64
		Debug|x86 = Debug|x86
		Release|Any CPU = Release|Any CPU
		Release|ARM = Release|ARM
		Release|iPhone = Release|iPhone
		Release|iPhoneSimulator = Release|iPhoneSimulator
		Release|x64 = Release|x64
		Release|x86 = Release|x86
	EndGlobalSection
	GlobalSection(ProjectConfigurationPlatforms) = postSolution
		{DCEBD9C8-E45A-4A86-A318-0BD0CA22DA69}.Ad-Hoc|Any CPU.ActiveCfg = Debug|Any CPU
		{DCEBD9C8-E45A-4A86-A318-0BD0CA22DA69}.Ad-Hoc|Any CPU.Build.0 = Debug|Any CPU
		{DCEBD9C8-E45A-4A86-A318-0BD0CA22DA69}.Ad-Hoc|ARM.ActiveCfg = Debug|Any CPU
		{DCEBD9C8-E45A-4A86-A318-0BD0CA22DA69}.Ad-Hoc|ARM.Build.0 = Debug|Any CPU
		{DCEBD9C8-E45A-4A86-A318-0BD0CA22DA69}.Ad-Hoc|iPhone.ActiveCfg = Debug|Any CPU
		{DCEBD9C8-E45A-4A86-A318-0BD0CA22DA69}.Ad-Hoc|iPhone.Build.0 = Debug|Any CPU
		{DCEBD9C8-E45A-4A86-A318-0BD0CA22DA69}.Ad-Hoc|iPhoneSimulator.ActiveCfg = Debug|Any CPU
		{DCEBD9C8-E45A-4A86-A318-0BD0CA22DA69}.Ad-Hoc|iPhoneSimulator.Build.0 = Debug|Any CPU
		{DCEBD9C8-E45A-4A86-A318-0BD0CA22DA69}.Ad-Hoc|x64.ActiveCfg = Debug|Any CPU
		{DCEBD9C8-E45A-4A86-A318-0BD0CA22DA69}.Ad-Hoc|x64.Build.0 = Debug|Any CPU
		{DCEBD9C8-E45A-4A86-A318-0BD0CA22DA69}.Ad-Hoc|x86.ActiveCfg = Debug|Any CPU
		{DCEBD9C8-E45A-4A86-A318-0BD0CA22DA69}.Ad-Hoc|x86.Build.0 = Debug|Any CPU
		{DCEBD9C8-E45A-4A86-A318-0BD0CA22DA69}.AppStore|Any CPU.ActiveCfg = Debug|Any CPU
		{DCEBD9C8-E45A-4A86-A318-0BD0CA22DA69}.AppStore|Any CPU.Build.0 = Debug|Any CPU
		{DCEBD9C8-E45A-4A86-A318-0BD0CA22DA69}.AppStore|ARM.ActiveCfg = Debug|Any CPU
		{DCEBD9C8-E45A-4A86-A318-0BD0CA22DA69}.AppStore|ARM.Build.0 = Debug|Any CPU
		{DCEBD9C8-E45A-4A86-A318-0BD0CA22DA69}.AppStore|iPhone.ActiveCfg = Debug|Any CPU
		{DCEBD9C8-E45A-4A86-A318-0BD0CA22DA69}.AppStore|iPhone.Build.0 = Debug|Any CPU
		{DCEBD9C8-E45A-4A86-A318-0BD0CA22DA69}.AppStore|iPhoneSimulator.ActiveCfg = Debug|Any CPU
		{DCEBD9C8-E45A-4A86-A318-0BD0CA22DA69}.AppStore|iPhoneSimulator.Build.0 = Debug|Any CPU
		{DCEBD9C8-E45A-4A86-A318-0BD0CA22DA69}.AppStore|x64.ActiveCfg = Debug|Any CPU
		{DCEBD9C8-E45A-4A86-A318-0BD0CA22DA69}.AppStore|x64.Build.0 = Debug|Any CPU
		{DCEBD9C8-E45A-4A86-A318-0BD0CA22DA69}.AppStore|x86.ActiveCfg = Debug|Any CPU
		{DCEBD9C8-E45A-4A86-A318-0BD0CA22DA69}.AppStore|x86.Build.0 = Debug|Any CPU
		{DCEBD9C8-E45A-4A86-A318-0BD0CA22DA69}.Debug|Any CPU.ActiveCfg = Debug|Any CPU
		{DCEBD9C8-E45A-4A86-A318-0BD0CA22DA69}.Debug|Any CPU.Build.0 = Debug|Any CPU
		{DCEBD9C8-E45A-4A86-A318-0BD0CA22DA69}.Debug|ARM.ActiveCfg = Debug|Any CPU
		{DCEBD9C8-E45A-4A86-A318-0BD0CA22DA69}.Debug|ARM.Build.0 = Debug|Any CPU
		{DCEBD9C8-E45A-4A86-A318-0BD0CA22DA69}.Debug|iPhone.ActiveCfg = Debug|Any CPU
		{DCEBD9C8-E45A-4A86-A318-0BD0CA22DA69}.Debug|iPhone.Build.0 = Debug|Any CPU
		{DCEBD9C8-E45A-4A86-A318-0BD0CA22DA69}.Debug|iPhoneSimulator.ActiveCfg = Debug|Any CPU
		{DCEBD9C8-E45A-4A86-A318-0BD0CA22DA69}.Debug|iPhoneSimulator.Build.0 = Debug|Any CPU
		{DCEBD9C8-E45A-4A86-A318-0BD0CA22DA69}.Debug|x64.ActiveCfg = Debug|Any CPU
		{DCEBD9C8-E45A-4A86-A318-0BD0CA22DA69}.Debug|x64.Build.0 = Debug|Any CPU
		{DCEBD9C8-E45A-4A86-A318-0BD0CA22DA69}.Debug|x86.ActiveCfg = Debug|Any CPU
		{DCEBD9C8-E45A-4A86-A318-0BD0CA22DA69}.Debug|x86.Build.0 = Debug|Any CPU
		{DCEBD9C8-E45A-4A86-A318-0BD0CA22DA69}.Release|Any CPU.ActiveCfg = Release|Any CPU
		{DCEBD9C8-E45A-4A86-A318-0BD0CA22DA69}.Release|Any CPU.Build.0 = Release|Any CPU
		{DCEBD9C8-E45A-4A86-A318-0BD0CA22DA69}.Release|ARM.ActiveCfg = Release|Any CPU
		{DCEBD9C8-E45A-4A86-A318-0BD0CA22DA69}.Release|ARM.Build.0 = Release|Any CPU
		{DCEBD9C8-E45A-4A86-A318-0BD0CA22DA69}.Release|iPhone.ActiveCfg = Release|Any CPU
		{DCEBD9C8-E45A-4A86-A318-0BD0CA22DA69}.Release|iPhone.Build.0 = Release|Any CPU
		{DCEBD9C8-E45A-4A86-A318-0BD0CA22DA69}.Release|iPhoneSimulator.ActiveCfg = Release|Any CPU
		{DCEBD9C8-E45A-4A86-A318-0BD0CA22DA69}.Release|iPhoneSimulator.Build.0 = Release|Any CPU
		{DCEBD9C8-E45A-4A86-A318-0BD0CA22DA69}.Release|x64.ActiveCfg = Release|Any CPU
		{DCEBD9C8-E45A-4A86-A318-0BD0CA22DA69}.Release|x64.Build.0 = Release|Any CPU
		{DCEBD9C8-E45A-4A86-A318-0BD0CA22DA69}.Release|x86.ActiveCfg = Release|Any CPU
		{DCEBD9C8-E45A-4A86-A318-0BD0CA22DA69}.Release|x86.Build.0 = Release|Any CPU
		{85FF5B6A-AD30-4503-BFCC-207A16F109AF}.Ad-Hoc|Any CPU.ActiveCfg = Debug|Any CPU
		{85FF5B6A-AD30-4503-BFCC-207A16F109AF}.Ad-Hoc|Any CPU.Build.0 = Debug|Any CPU
		{85FF5B6A-AD30-4503-BFCC-207A16F109AF}.Ad-Hoc|ARM.ActiveCfg = Debug|Any CPU
		{85FF5B6A-AD30-4503-BFCC-207A16F109AF}.Ad-Hoc|ARM.Build.0 = Debug|Any CPU
		{85FF5B6A-AD30-4503-BFCC-207A16F109AF}.Ad-Hoc|iPhone.ActiveCfg = Debug|Any CPU
		{85FF5B6A-AD30-4503-BFCC-207A16F109AF}.Ad-Hoc|iPhone.Build.0 = Debug|Any CPU
		{85FF5B6A-AD30-4503-BFCC-207A16F109AF}.Ad-Hoc|iPhoneSimulator.ActiveCfg = Debug|Any CPU
		{85FF5B6A-AD30-4503-BFCC-207A16F109AF}.Ad-Hoc|iPhoneSimulator.Build.0 = Debug|Any CPU
		{85FF5B6A-AD30-4503-BFCC-207A16F109AF}.Ad-Hoc|x64.ActiveCfg = Debug|Any CPU
		{85FF5B6A-AD30-4503-BFCC-207A16F109AF}.Ad-Hoc|x64.Build.0 = Debug|Any CPU
		{85FF5B6A-AD30-4503-BFCC-207A16F109AF}.Ad-Hoc|x86.ActiveCfg = Debug|Any CPU
		{85FF5B6A-AD30-4503-BFCC-207A16F109AF}.Ad-Hoc|x86.Build.0 = Debug|Any CPU
		{85FF5B6A-AD30-4503-BFCC-207A16F109AF}.AppStore|Any CPU.ActiveCfg = Debug|Any CPU
		{85FF5B6A-AD30-4503-BFCC-207A16F109AF}.AppStore|Any CPU.Build.0 = Debug|Any CPU
		{85FF5B6A-AD30-4503-BFCC-207A16F109AF}.AppStore|ARM.ActiveCfg = Debug|Any CPU
		{85FF5B6A-AD30-4503-BFCC-207A16F109AF}.AppStore|ARM.Build.0 = Debug|Any CPU
		{85FF5B6A-AD30-4503-BFCC-207A16F109AF}.AppStore|iPhone.ActiveCfg = Debug|Any CPU
		{85FF5B6A-AD30-4503-BFCC-207A16F109AF}.AppStore|iPhone.Build.0 = Debug|Any CPU
		{85FF5B6A-AD30-4503-BFCC-207A16F109AF}.AppStore|iPhoneSimulator.ActiveCfg = Debug|Any CPU
		{85FF5B6A-AD30-4503-BFCC-207A16F109AF}.AppStore|iPhoneSimulator.Build.0 = Debug|Any CPU
		{85FF5B6A-AD30-4503-BFCC-207A16F109AF}.AppStore|x64.ActiveCfg = Debug|Any CPU
		{85FF5B6A-AD30-4503-BFCC-207A16F109AF}.AppStore|x64.Build.0 = Debug|Any CPU
		{85FF5B6A-AD30-4503-BFCC-207A16F109AF}.AppStore|x86.ActiveCfg = Debug|Any CPU
		{85FF5B6A-AD30-4503-BFCC-207A16F109AF}.AppStore|x86.Build.0 = Debug|Any CPU
		{85FF5B6A-AD30-4503-BFCC-207A16F109AF}.Debug|Any CPU.ActiveCfg = Debug|Any CPU
		{85FF5B6A-AD30-4503-BFCC-207A16F109AF}.Debug|Any CPU.Build.0 = Debug|Any CPU
		{85FF5B6A-AD30-4503-BFCC-207A16F109AF}.Debug|ARM.ActiveCfg = Debug|Any CPU
		{85FF5B6A-AD30-4503-BFCC-207A16F109AF}.Debug|ARM.Build.0 = Debug|Any CPU
		{85FF5B6A-AD30-4503-BFCC-207A16F109AF}.Debug|iPhone.ActiveCfg = Debug|Any CPU
		{85FF5B6A-AD30-4503-BFCC-207A16F109AF}.Debug|iPhone.Build.0 = Debug|Any CPU
		{85FF5B6A-AD30-4503-BFCC-207A16F109AF}.Debug|iPhoneSimulator.ActiveCfg = Debug|Any CPU
		{85FF5B6A-AD30-4503-BFCC-207A16F109AF}.Debug|iPhoneSimulator.Build.0 = Debug|Any CPU
		{85FF5B6A-AD30-4503-BFCC-207A16F109AF}.Debug|x64.ActiveCfg = Debug|Any CPU
		{85FF5B6A-AD30-4503-BFCC-207A16F109AF}.Debug|x64.Build.0 = Debug|Any CPU
		{85FF5B6A-AD30-4503-BFCC-207A16F109AF}.Debug|x86.ActiveCfg = Debug|Any CPU
		{85FF5B6A-AD30-4503-BFCC-207A16F109AF}.Debug|x86.Build.0 = Debug|Any CPU
		{85FF5B6A-AD30-4503-BFCC-207A16F109AF}.Release|Any CPU.ActiveCfg = Release|Any CPU
		{85FF5B6A-AD30-4503-BFCC-207A16F109AF}.Release|Any CPU.Build.0 = Release|Any CPU
		{85FF5B6A-AD30-4503-BFCC-207A16F109AF}.Release|ARM.ActiveCfg = Release|Any CPU
		{85FF5B6A-AD30-4503-BFCC-207A16F109AF}.Release|ARM.Build.0 = Release|Any CPU
		{85FF5B6A-AD30-4503-BFCC-207A16F109AF}.Release|iPhone.ActiveCfg = Release|Any CPU
		{85FF5B6A-AD30-4503-BFCC-207A16F109AF}.Release|iPhone.Build.0 = Release|Any CPU
		{85FF5B6A-AD30-4503-BFCC-207A16F109AF}.Release|iPhoneSimulator.ActiveCfg = Release|Any CPU
		{85FF5B6A-AD30-4503-BFCC-207A16F109AF}.Release|iPhoneSimulator.Build.0 = Release|Any CPU
		{85FF5B6A-AD30-4503-BFCC-207A16F109AF}.Release|x64.ActiveCfg = Release|Any CPU
		{85FF5B6A-AD30-4503-BFCC-207A16F109AF}.Release|x64.Build.0 = Release|Any CPU
		{85FF5B6A-AD30-4503-BFCC-207A16F109AF}.Release|x86.ActiveCfg = Release|Any CPU
		{85FF5B6A-AD30-4503-BFCC-207A16F109AF}.Release|x86.Build.0 = Release|Any CPU
		{92426673-18CA-4C0C-96B7-739401003D65}.Ad-Hoc|Any CPU.ActiveCfg = Release|Any CPU
		{92426673-18CA-4C0C-96B7-739401003D65}.Ad-Hoc|Any CPU.Build.0 = Release|Any CPU
		{92426673-18CA-4C0C-96B7-739401003D65}.Ad-Hoc|Any CPU.Deploy.0 = Release|Any CPU
		{92426673-18CA-4C0C-96B7-739401003D65}.Ad-Hoc|ARM.ActiveCfg = Release|Any CPU
		{92426673-18CA-4C0C-96B7-739401003D65}.Ad-Hoc|ARM.Build.0 = Release|Any CPU
		{92426673-18CA-4C0C-96B7-739401003D65}.Ad-Hoc|ARM.Deploy.0 = Release|Any CPU
		{92426673-18CA-4C0C-96B7-739401003D65}.Ad-Hoc|iPhone.ActiveCfg = Release|Any CPU
		{92426673-18CA-4C0C-96B7-739401003D65}.Ad-Hoc|iPhone.Build.0 = Release|Any CPU
		{92426673-18CA-4C0C-96B7-739401003D65}.Ad-Hoc|iPhone.Deploy.0 = Release|Any CPU
		{92426673-18CA-4C0C-96B7-739401003D65}.Ad-Hoc|iPhoneSimulator.ActiveCfg = Release|Any CPU
		{92426673-18CA-4C0C-96B7-739401003D65}.Ad-Hoc|iPhoneSimulator.Build.0 = Release|Any CPU
		{92426673-18CA-4C0C-96B7-739401003D65}.Ad-Hoc|iPhoneSimulator.Deploy.0 = Release|Any CPU
		{92426673-18CA-4C0C-96B7-739401003D65}.Ad-Hoc|x64.ActiveCfg = Release|Any CPU
		{92426673-18CA-4C0C-96B7-739401003D65}.Ad-Hoc|x64.Build.0 = Release|Any CPU
		{92426673-18CA-4C0C-96B7-739401003D65}.Ad-Hoc|x64.Deploy.0 = Release|Any CPU
		{92426673-18CA-4C0C-96B7-739401003D65}.Ad-Hoc|x86.ActiveCfg = Release|Any CPU
		{92426673-18CA-4C0C-96B7-739401003D65}.Ad-Hoc|x86.Build.0 = Release|Any CPU
		{92426673-18CA-4C0C-96B7-739401003D65}.Ad-Hoc|x86.Deploy.0 = Release|Any CPU
		{92426673-18CA-4C0C-96B7-739401003D65}.AppStore|Any CPU.ActiveCfg = Release|Any CPU
		{92426673-18CA-4C0C-96B7-739401003D65}.AppStore|Any CPU.Build.0 = Release|Any CPU
		{92426673-18CA-4C0C-96B7-739401003D65}.AppStore|Any CPU.Deploy.0 = Release|Any CPU
		{92426673-18CA-4C0C-96B7-739401003D65}.AppStore|ARM.ActiveCfg = Release|Any CPU
		{92426673-18CA-4C0C-96B7-739401003D65}.AppStore|ARM.Build.0 = Release|Any CPU
		{92426673-18CA-4C0C-96B7-739401003D65}.AppStore|ARM.Deploy.0 = Release|Any CPU
		{92426673-18CA-4C0C-96B7-739401003D65}.AppStore|iPhone.ActiveCfg = Release|Any CPU
		{92426673-18CA-4C0C-96B7-739401003D65}.AppStore|iPhone.Build.0 = Release|Any CPU
		{92426673-18CA-4C0C-96B7-739401003D65}.AppStore|iPhone.Deploy.0 = Release|Any CPU
		{92426673-18CA-4C0C-96B7-739401003D65}.AppStore|iPhoneSimulator.ActiveCfg = Release|Any CPU
		{92426673-18CA-4C0C-96B7-739401003D65}.AppStore|iPhoneSimulator.Build.0 = Release|Any CPU
		{92426673-18CA-4C0C-96B7-739401003D65}.AppStore|iPhoneSimulator.Deploy.0 = Release|Any CPU
		{92426673-18CA-4C0C-96B7-739401003D65}.AppStore|x64.ActiveCfg = Release|Any CPU
		{92426673-18CA-4C0C-96B7-739401003D65}.AppStore|x64.Build.0 = Release|Any CPU
		{92426673-18CA-4C0C-96B7-739401003D65}.AppStore|x64.Deploy.0 = Release|Any CPU
		{92426673-18CA-4C0C-96B7-739401003D65}.AppStore|x86.ActiveCfg = Release|Any CPU
		{92426673-18CA-4C0C-96B7-739401003D65}.AppStore|x86.Build.0 = Release|Any CPU
		{92426673-18CA-4C0C-96B7-739401003D65}.AppStore|x86.Deploy.0 = Release|Any CPU
		{92426673-18CA-4C0C-96B7-739401003D65}.Debug|Any CPU.ActiveCfg = Debug|Any CPU
		{92426673-18CA-4C0C-96B7-739401003D65}.Debug|Any CPU.Build.0 = Debug|Any CPU
		{92426673-18CA-4C0C-96B7-739401003D65}.Debug|Any CPU.Deploy.0 = Debug|Any CPU
		{92426673-18CA-4C0C-96B7-739401003D65}.Debug|ARM.ActiveCfg = Debug|Any CPU
		{92426673-18CA-4C0C-96B7-739401003D65}.Debug|ARM.Build.0 = Debug|Any CPU
		{92426673-18CA-4C0C-96B7-739401003D65}.Debug|ARM.Deploy.0 = Debug|Any CPU
		{92426673-18CA-4C0C-96B7-739401003D65}.Debug|iPhone.ActiveCfg = Debug|Any CPU
		{92426673-18CA-4C0C-96B7-739401003D65}.Debug|iPhone.Build.0 = Debug|Any CPU
		{92426673-18CA-4C0C-96B7-739401003D65}.Debug|iPhone.Deploy.0 = Debug|Any CPU
		{92426673-18CA-4C0C-96B7-739401003D65}.Debug|iPhoneSimulator.ActiveCfg = Debug|Any CPU
		{92426673-18CA-4C0C-96B7-739401003D65}.Debug|iPhoneSimulator.Build.0 = Debug|Any CPU
		{92426673-18CA-4C0C-96B7-739401003D65}.Debug|iPhoneSimulator.Deploy.0 = Debug|Any CPU
		{92426673-18CA-4C0C-96B7-739401003D65}.Debug|x64.ActiveCfg = Debug|Any CPU
		{92426673-18CA-4C0C-96B7-739401003D65}.Debug|x64.Build.0 = Debug|Any CPU
		{92426673-18CA-4C0C-96B7-739401003D65}.Debug|x64.Deploy.0 = Debug|Any CPU
		{92426673-18CA-4C0C-96B7-739401003D65}.Debug|x86.ActiveCfg = Debug|Any CPU
		{92426673-18CA-4C0C-96B7-739401003D65}.Debug|x86.Build.0 = Debug|Any CPU
		{92426673-18CA-4C0C-96B7-739401003D65}.Debug|x86.Deploy.0 = Debug|Any CPU
		{92426673-18CA-4C0C-96B7-739401003D65}.Release|Any CPU.ActiveCfg = Release|Any CPU
		{92426673-18CA-4C0C-96B7-739401003D65}.Release|Any CPU.Build.0 = Release|Any CPU
		{92426673-18CA-4C0C-96B7-739401003D65}.Release|Any CPU.Deploy.0 = Release|Any CPU
		{92426673-18CA-4C0C-96B7-739401003D65}.Release|ARM.ActiveCfg = Release|Any CPU
		{92426673-18CA-4C0C-96B7-739401003D65}.Release|ARM.Build.0 = Release|Any CPU
		{92426673-18CA-4C0C-96B7-739401003D65}.Release|ARM.Deploy.0 = Release|Any CPU
		{92426673-18CA-4C0C-96B7-739401003D65}.Release|iPhone.ActiveCfg = Release|Any CPU
		{92426673-18CA-4C0C-96B7-739401003D65}.Release|iPhone.Build.0 = Release|Any CPU
		{92426673-18CA-4C0C-96B7-739401003D65}.Release|iPhone.Deploy.0 = Release|Any CPU
		{92426673-18CA-4C0C-96B7-739401003D65}.Release|iPhoneSimulator.ActiveCfg = Release|Any CPU
		{92426673-18CA-4C0C-96B7-739401003D65}.Release|iPhoneSimulator.Build.0 = Release|Any CPU
		{92426673-18CA-4C0C-96B7-739401003D65}.Release|iPhoneSimulator.Deploy.0 = Release|Any CPU
		{92426673-18CA-4C0C-96B7-739401003D65}.Release|x64.ActiveCfg = Release|Any CPU
		{92426673-18CA-4C0C-96B7-739401003D65}.Release|x64.Build.0 = Release|Any CPU
		{92426673-18CA-4C0C-96B7-739401003D65}.Release|x64.Deploy.0 = Release|Any CPU
		{92426673-18CA-4C0C-96B7-739401003D65}.Release|x86.ActiveCfg = Release|Any CPU
		{92426673-18CA-4C0C-96B7-739401003D65}.Release|x86.Build.0 = Release|Any CPU
		{92426673-18CA-4C0C-96B7-739401003D65}.Release|x86.Deploy.0 = Release|Any CPU
		{6D8D30DE-7496-4A2B-B05D-1316C3EEDD52}.Ad-Hoc|Any CPU.ActiveCfg = Ad-Hoc|iPhone
		{6D8D30DE-7496-4A2B-B05D-1316C3EEDD52}.Ad-Hoc|ARM.ActiveCfg = Ad-Hoc|iPhone
		{6D8D30DE-7496-4A2B-B05D-1316C3EEDD52}.Ad-Hoc|iPhone.ActiveCfg = Ad-Hoc|iPhone
		{6D8D30DE-7496-4A2B-B05D-1316C3EEDD52}.Ad-Hoc|iPhone.Build.0 = Ad-Hoc|iPhone
		{6D8D30DE-7496-4A2B-B05D-1316C3EEDD52}.Ad-Hoc|iPhoneSimulator.ActiveCfg = Ad-Hoc|iPhoneSimulator
		{6D8D30DE-7496-4A2B-B05D-1316C3EEDD52}.Ad-Hoc|iPhoneSimulator.Build.0 = Ad-Hoc|iPhoneSimulator
		{6D8D30DE-7496-4A2B-B05D-1316C3EEDD52}.Ad-Hoc|x64.ActiveCfg = Ad-Hoc|iPhone
		{6D8D30DE-7496-4A2B-B05D-1316C3EEDD52}.Ad-Hoc|x86.ActiveCfg = Ad-Hoc|iPhone
		{6D8D30DE-7496-4A2B-B05D-1316C3EEDD52}.AppStore|Any CPU.ActiveCfg = AppStore|iPhone
		{6D8D30DE-7496-4A2B-B05D-1316C3EEDD52}.AppStore|ARM.ActiveCfg = AppStore|iPhone
		{6D8D30DE-7496-4A2B-B05D-1316C3EEDD52}.AppStore|iPhone.ActiveCfg = AppStore|iPhone
		{6D8D30DE-7496-4A2B-B05D-1316C3EEDD52}.AppStore|iPhone.Build.0 = AppStore|iPhone
		{6D8D30DE-7496-4A2B-B05D-1316C3EEDD52}.AppStore|iPhoneSimulator.ActiveCfg = AppStore|iPhoneSimulator
		{6D8D30DE-7496-4A2B-B05D-1316C3EEDD52}.AppStore|iPhoneSimulator.Build.0 = AppStore|iPhoneSimulator
		{6D8D30DE-7496-4A2B-B05D-1316C3EEDD52}.AppStore|x64.ActiveCfg = AppStore|iPhone
		{6D8D30DE-7496-4A2B-B05D-1316C3EEDD52}.AppStore|x86.ActiveCfg = AppStore|iPhone
		{6D8D30DE-7496-4A2B-B05D-1316C3EEDD52}.Debug|Any CPU.ActiveCfg = Debug|iPhone
		{6D8D30DE-7496-4A2B-B05D-1316C3EEDD52}.Debug|ARM.ActiveCfg = Debug|iPhone
		{6D8D30DE-7496-4A2B-B05D-1316C3EEDD52}.Debug|iPhone.ActiveCfg = Debug|iPhone
		{6D8D30DE-7496-4A2B-B05D-1316C3EEDD52}.Debug|iPhone.Build.0 = Debug|iPhone
		{6D8D30DE-7496-4A2B-B05D-1316C3EEDD52}.Debug|iPhoneSimulator.ActiveCfg = Debug|iPhoneSimulator
		{6D8D30DE-7496-4A2B-B05D-1316C3EEDD52}.Debug|iPhoneSimulator.Build.0 = Debug|iPhoneSimulator
		{6D8D30DE-7496-4A2B-B05D-1316C3EEDD52}.Debug|x64.ActiveCfg = Debug|iPhone
		{6D8D30DE-7496-4A2B-B05D-1316C3EEDD52}.Debug|x86.ActiveCfg = Debug|iPhone
		{6D8D30DE-7496-4A2B-B05D-1316C3EEDD52}.Release|Any CPU.ActiveCfg = Release|iPhone
		{6D8D30DE-7496-4A2B-B05D-1316C3EEDD52}.Release|ARM.ActiveCfg = Release|iPhone
		{6D8D30DE-7496-4A2B-B05D-1316C3EEDD52}.Release|iPhone.ActiveCfg = Release|iPhone
		{6D8D30DE-7496-4A2B-B05D-1316C3EEDD52}.Release|iPhone.Build.0 = Release|iPhone
		{6D8D30DE-7496-4A2B-B05D-1316C3EEDD52}.Release|iPhoneSimulator.ActiveCfg = Release|iPhoneSimulator
		{6D8D30DE-7496-4A2B-B05D-1316C3EEDD52}.Release|iPhoneSimulator.Build.0 = Release|iPhoneSimulator
		{6D8D30DE-7496-4A2B-B05D-1316C3EEDD52}.Release|x64.ActiveCfg = Release|iPhone
		{6D8D30DE-7496-4A2B-B05D-1316C3EEDD52}.Release|x86.ActiveCfg = Release|iPhone
		{155C2D1F-9482-4FDC-A9A3-19CFEDB845F0}.Ad-Hoc|Any CPU.ActiveCfg = Release|Any CPU
		{155C2D1F-9482-4FDC-A9A3-19CFEDB845F0}.Ad-Hoc|Any CPU.Build.0 = Release|Any CPU
		{155C2D1F-9482-4FDC-A9A3-19CFEDB845F0}.Ad-Hoc|ARM.ActiveCfg = Release|Any CPU
		{155C2D1F-9482-4FDC-A9A3-19CFEDB845F0}.Ad-Hoc|ARM.Build.0 = Release|Any CPU
		{155C2D1F-9482-4FDC-A9A3-19CFEDB845F0}.Ad-Hoc|iPhone.ActiveCfg = Release|Any CPU
		{155C2D1F-9482-4FDC-A9A3-19CFEDB845F0}.Ad-Hoc|iPhone.Build.0 = Release|Any CPU
		{155C2D1F-9482-4FDC-A9A3-19CFEDB845F0}.Ad-Hoc|iPhoneSimulator.ActiveCfg = Release|Any CPU
		{155C2D1F-9482-4FDC-A9A3-19CFEDB845F0}.Ad-Hoc|iPhoneSimulator.Build.0 = Release|Any CPU
		{155C2D1F-9482-4FDC-A9A3-19CFEDB845F0}.Ad-Hoc|x64.ActiveCfg = Release|Any CPU
		{155C2D1F-9482-4FDC-A9A3-19CFEDB845F0}.Ad-Hoc|x64.Build.0 = Release|Any CPU
		{155C2D1F-9482-4FDC-A9A3-19CFEDB845F0}.Ad-Hoc|x86.ActiveCfg = Release|Any CPU
		{155C2D1F-9482-4FDC-A9A3-19CFEDB845F0}.Ad-Hoc|x86.Build.0 = Release|Any CPU
		{155C2D1F-9482-4FDC-A9A3-19CFEDB845F0}.AppStore|Any CPU.ActiveCfg = Release|Any CPU
		{155C2D1F-9482-4FDC-A9A3-19CFEDB845F0}.AppStore|Any CPU.Build.0 = Release|Any CPU
		{155C2D1F-9482-4FDC-A9A3-19CFEDB845F0}.AppStore|ARM.ActiveCfg = Release|Any CPU
		{155C2D1F-9482-4FDC-A9A3-19CFEDB845F0}.AppStore|ARM.Build.0 = Release|Any CPU
		{155C2D1F-9482-4FDC-A9A3-19CFEDB845F0}.AppStore|iPhone.ActiveCfg = Release|Any CPU
		{155C2D1F-9482-4FDC-A9A3-19CFEDB845F0}.AppStore|iPhone.Build.0 = Release|Any CPU
		{155C2D1F-9482-4FDC-A9A3-19CFEDB845F0}.AppStore|iPhoneSimulator.ActiveCfg = Release|Any CPU
		{155C2D1F-9482-4FDC-A9A3-19CFEDB845F0}.AppStore|iPhoneSimulator.Build.0 = Release|Any CPU
		{155C2D1F-9482-4FDC-A9A3-19CFEDB845F0}.AppStore|x64.ActiveCfg = Release|Any CPU
		{155C2D1F-9482-4FDC-A9A3-19CFEDB845F0}.AppStore|x64.Build.0 = Release|Any CPU
		{155C2D1F-9482-4FDC-A9A3-19CFEDB845F0}.AppStore|x86.ActiveCfg = Release|Any CPU
		{155C2D1F-9482-4FDC-A9A3-19CFEDB845F0}.AppStore|x86.Build.0 = Release|Any CPU
		{155C2D1F-9482-4FDC-A9A3-19CFEDB845F0}.Debug|Any CPU.ActiveCfg = Debug|Any CPU
		{155C2D1F-9482-4FDC-A9A3-19CFEDB845F0}.Debug|Any CPU.Build.0 = Debug|Any CPU
		{155C2D1F-9482-4FDC-A9A3-19CFEDB845F0}.Debug|ARM.ActiveCfg = Debug|Any CPU
		{155C2D1F-9482-4FDC-A9A3-19CFEDB845F0}.Debug|ARM.Build.0 = Debug|Any CPU
		{155C2D1F-9482-4FDC-A9A3-19CFEDB845F0}.Debug|iPhone.ActiveCfg = Debug|Any CPU
		{155C2D1F-9482-4FDC-A9A3-19CFEDB845F0}.Debug|iPhone.Build.0 = Debug|Any CPU
		{155C2D1F-9482-4FDC-A9A3-19CFEDB845F0}.Debug|iPhoneSimulator.ActiveCfg = Debug|Any CPU
		{155C2D1F-9482-4FDC-A9A3-19CFEDB845F0}.Debug|iPhoneSimulator.Build.0 = Debug|Any CPU
		{155C2D1F-9482-4FDC-A9A3-19CFEDB845F0}.Debug|x64.ActiveCfg = Debug|Any CPU
		{155C2D1F-9482-4FDC-A9A3-19CFEDB845F0}.Debug|x64.Build.0 = Debug|Any CPU
		{155C2D1F-9482-4FDC-A9A3-19CFEDB845F0}.Debug|x86.ActiveCfg = Debug|Any CPU
		{155C2D1F-9482-4FDC-A9A3-19CFEDB845F0}.Debug|x86.Build.0 = Debug|Any CPU
		{155C2D1F-9482-4FDC-A9A3-19CFEDB845F0}.Release|Any CPU.ActiveCfg = Release|Any CPU
		{155C2D1F-9482-4FDC-A9A3-19CFEDB845F0}.Release|Any CPU.Build.0 = Release|Any CPU
		{155C2D1F-9482-4FDC-A9A3-19CFEDB845F0}.Release|ARM.ActiveCfg = Release|Any CPU
		{155C2D1F-9482-4FDC-A9A3-19CFEDB845F0}.Release|ARM.Build.0 = Release|Any CPU
		{155C2D1F-9482-4FDC-A9A3-19CFEDB845F0}.Release|iPhone.ActiveCfg = Release|Any CPU
		{155C2D1F-9482-4FDC-A9A3-19CFEDB845F0}.Release|iPhone.Build.0 = Release|Any CPU
		{155C2D1F-9482-4FDC-A9A3-19CFEDB845F0}.Release|iPhoneSimulator.ActiveCfg = Release|Any CPU
		{155C2D1F-9482-4FDC-A9A3-19CFEDB845F0}.Release|iPhoneSimulator.Build.0 = Release|Any CPU
		{155C2D1F-9482-4FDC-A9A3-19CFEDB845F0}.Release|x64.ActiveCfg = Release|Any CPU
		{155C2D1F-9482-4FDC-A9A3-19CFEDB845F0}.Release|x64.Build.0 = Release|Any CPU
		{155C2D1F-9482-4FDC-A9A3-19CFEDB845F0}.Release|x86.ActiveCfg = Release|Any CPU
		{155C2D1F-9482-4FDC-A9A3-19CFEDB845F0}.Release|x86.Build.0 = Release|Any CPU
		{07D644BD-3CB1-4578-8972-419E54B8BB7A}.Ad-Hoc|Any CPU.ActiveCfg = Debug|Any CPU
		{07D644BD-3CB1-4578-8972-419E54B8BB7A}.Ad-Hoc|Any CPU.Build.0 = Debug|Any CPU
		{07D644BD-3CB1-4578-8972-419E54B8BB7A}.Ad-Hoc|ARM.ActiveCfg = Debug|Any CPU
		{07D644BD-3CB1-4578-8972-419E54B8BB7A}.Ad-Hoc|ARM.Build.0 = Debug|Any CPU
		{07D644BD-3CB1-4578-8972-419E54B8BB7A}.Ad-Hoc|iPhone.ActiveCfg = Debug|Any CPU
		{07D644BD-3CB1-4578-8972-419E54B8BB7A}.Ad-Hoc|iPhone.Build.0 = Debug|Any CPU
		{07D644BD-3CB1-4578-8972-419E54B8BB7A}.Ad-Hoc|iPhoneSimulator.ActiveCfg = Debug|Any CPU
		{07D644BD-3CB1-4578-8972-419E54B8BB7A}.Ad-Hoc|iPhoneSimulator.Build.0 = Debug|Any CPU
		{07D644BD-3CB1-4578-8972-419E54B8BB7A}.Ad-Hoc|x64.ActiveCfg = Debug|Any CPU
		{07D644BD-3CB1-4578-8972-419E54B8BB7A}.Ad-Hoc|x64.Build.0 = Debug|Any CPU
		{07D644BD-3CB1-4578-8972-419E54B8BB7A}.Ad-Hoc|x86.ActiveCfg = Debug|Any CPU
		{07D644BD-3CB1-4578-8972-419E54B8BB7A}.Ad-Hoc|x86.Build.0 = Debug|Any CPU
		{07D644BD-3CB1-4578-8972-419E54B8BB7A}.AppStore|Any CPU.ActiveCfg = Debug|Any CPU
		{07D644BD-3CB1-4578-8972-419E54B8BB7A}.AppStore|Any CPU.Build.0 = Debug|Any CPU
		{07D644BD-3CB1-4578-8972-419E54B8BB7A}.AppStore|ARM.ActiveCfg = Debug|Any CPU
		{07D644BD-3CB1-4578-8972-419E54B8BB7A}.AppStore|ARM.Build.0 = Debug|Any CPU
		{07D644BD-3CB1-4578-8972-419E54B8BB7A}.AppStore|iPhone.ActiveCfg = Debug|Any CPU
		{07D644BD-3CB1-4578-8972-419E54B8BB7A}.AppStore|iPhone.Build.0 = Debug|Any CPU
		{07D644BD-3CB1-4578-8972-419E54B8BB7A}.AppStore|iPhoneSimulator.ActiveCfg = Debug|Any CPU
		{07D644BD-3CB1-4578-8972-419E54B8BB7A}.AppStore|iPhoneSimulator.Build.0 = Debug|Any CPU
		{07D644BD-3CB1-4578-8972-419E54B8BB7A}.AppStore|x64.ActiveCfg = Debug|Any CPU
		{07D644BD-3CB1-4578-8972-419E54B8BB7A}.AppStore|x64.Build.0 = Debug|Any CPU
		{07D644BD-3CB1-4578-8972-419E54B8BB7A}.AppStore|x86.ActiveCfg = Debug|Any CPU
		{07D644BD-3CB1-4578-8972-419E54B8BB7A}.AppStore|x86.Build.0 = Debug|Any CPU
		{07D644BD-3CB1-4578-8972-419E54B8BB7A}.Debug|Any CPU.ActiveCfg = Debug|Any CPU
		{07D644BD-3CB1-4578-8972-419E54B8BB7A}.Debug|Any CPU.Build.0 = Debug|Any CPU
		{07D644BD-3CB1-4578-8972-419E54B8BB7A}.Debug|ARM.ActiveCfg = Debug|Any CPU
		{07D644BD-3CB1-4578-8972-419E54B8BB7A}.Debug|ARM.Build.0 = Debug|Any CPU
		{07D644BD-3CB1-4578-8972-419E54B8BB7A}.Debug|iPhone.ActiveCfg = Debug|Any CPU
		{07D644BD-3CB1-4578-8972-419E54B8BB7A}.Debug|iPhone.Build.0 = Debug|Any CPU
		{07D644BD-3CB1-4578-8972-419E54B8BB7A}.Debug|iPhoneSimulator.ActiveCfg = Debug|Any CPU
		{07D644BD-3CB1-4578-8972-419E54B8BB7A}.Debug|iPhoneSimulator.Build.0 = Debug|Any CPU
		{07D644BD-3CB1-4578-8972-419E54B8BB7A}.Debug|x64.ActiveCfg = Debug|Any CPU
		{07D644BD-3CB1-4578-8972-419E54B8BB7A}.Debug|x64.Build.0 = Debug|Any CPU
		{07D644BD-3CB1-4578-8972-419E54B8BB7A}.Debug|x86.ActiveCfg = Debug|Any CPU
		{07D644BD-3CB1-4578-8972-419E54B8BB7A}.Debug|x86.Build.0 = Debug|Any CPU
		{07D644BD-3CB1-4578-8972-419E54B8BB7A}.Release|Any CPU.ActiveCfg = Release|Any CPU
		{07D644BD-3CB1-4578-8972-419E54B8BB7A}.Release|Any CPU.Build.0 = Release|Any CPU
		{07D644BD-3CB1-4578-8972-419E54B8BB7A}.Release|ARM.ActiveCfg = Release|Any CPU
		{07D644BD-3CB1-4578-8972-419E54B8BB7A}.Release|ARM.Build.0 = Release|Any CPU
		{07D644BD-3CB1-4578-8972-419E54B8BB7A}.Release|iPhone.ActiveCfg = Release|Any CPU
		{07D644BD-3CB1-4578-8972-419E54B8BB7A}.Release|iPhone.Build.0 = Release|Any CPU
		{07D644BD-3CB1-4578-8972-419E54B8BB7A}.Release|iPhoneSimulator.ActiveCfg = Release|Any CPU
		{07D644BD-3CB1-4578-8972-419E54B8BB7A}.Release|iPhoneSimulator.Build.0 = Release|Any CPU
		{07D644BD-3CB1-4578-8972-419E54B8BB7A}.Release|x64.ActiveCfg = Release|Any CPU
		{07D644BD-3CB1-4578-8972-419E54B8BB7A}.Release|x64.Build.0 = Release|Any CPU
		{07D644BD-3CB1-4578-8972-419E54B8BB7A}.Release|x86.ActiveCfg = Release|Any CPU
		{07D644BD-3CB1-4578-8972-419E54B8BB7A}.Release|x86.Build.0 = Release|Any CPU
		{7DA892A3-D0E0-4DBC-AB65-116DB907A9A5}.Ad-Hoc|Any CPU.ActiveCfg = Debug|Any CPU
		{7DA892A3-D0E0-4DBC-AB65-116DB907A9A5}.Ad-Hoc|Any CPU.Build.0 = Debug|Any CPU
		{7DA892A3-D0E0-4DBC-AB65-116DB907A9A5}.Ad-Hoc|ARM.ActiveCfg = Debug|Any CPU
		{7DA892A3-D0E0-4DBC-AB65-116DB907A9A5}.Ad-Hoc|ARM.Build.0 = Debug|Any CPU
		{7DA892A3-D0E0-4DBC-AB65-116DB907A9A5}.Ad-Hoc|iPhone.ActiveCfg = Debug|Any CPU
		{7DA892A3-D0E0-4DBC-AB65-116DB907A9A5}.Ad-Hoc|iPhone.Build.0 = Debug|Any CPU
		{7DA892A3-D0E0-4DBC-AB65-116DB907A9A5}.Ad-Hoc|iPhoneSimulator.ActiveCfg = Debug|Any CPU
		{7DA892A3-D0E0-4DBC-AB65-116DB907A9A5}.Ad-Hoc|iPhoneSimulator.Build.0 = Debug|Any CPU
		{7DA892A3-D0E0-4DBC-AB65-116DB907A9A5}.Ad-Hoc|x64.ActiveCfg = Debug|Any CPU
		{7DA892A3-D0E0-4DBC-AB65-116DB907A9A5}.Ad-Hoc|x64.Build.0 = Debug|Any CPU
		{7DA892A3-D0E0-4DBC-AB65-116DB907A9A5}.Ad-Hoc|x86.ActiveCfg = Debug|Any CPU
		{7DA892A3-D0E0-4DBC-AB65-116DB907A9A5}.Ad-Hoc|x86.Build.0 = Debug|Any CPU
		{7DA892A3-D0E0-4DBC-AB65-116DB907A9A5}.AppStore|Any CPU.ActiveCfg = Debug|Any CPU
		{7DA892A3-D0E0-4DBC-AB65-116DB907A9A5}.AppStore|Any CPU.Build.0 = Debug|Any CPU
		{7DA892A3-D0E0-4DBC-AB65-116DB907A9A5}.AppStore|ARM.ActiveCfg = Debug|Any CPU
		{7DA892A3-D0E0-4DBC-AB65-116DB907A9A5}.AppStore|ARM.Build.0 = Debug|Any CPU
		{7DA892A3-D0E0-4DBC-AB65-116DB907A9A5}.AppStore|iPhone.ActiveCfg = Debug|Any CPU
		{7DA892A3-D0E0-4DBC-AB65-116DB907A9A5}.AppStore|iPhone.Build.0 = Debug|Any CPU
		{7DA892A3-D0E0-4DBC-AB65-116DB907A9A5}.AppStore|iPhoneSimulator.ActiveCfg = Debug|Any CPU
		{7DA892A3-D0E0-4DBC-AB65-116DB907A9A5}.AppStore|iPhoneSimulator.Build.0 = Debug|Any CPU
		{7DA892A3-D0E0-4DBC-AB65-116DB907A9A5}.AppStore|x64.ActiveCfg = Debug|Any CPU
		{7DA892A3-D0E0-4DBC-AB65-116DB907A9A5}.AppStore|x64.Build.0 = Debug|Any CPU
		{7DA892A3-D0E0-4DBC-AB65-116DB907A9A5}.AppStore|x86.ActiveCfg = Debug|Any CPU
		{7DA892A3-D0E0-4DBC-AB65-116DB907A9A5}.AppStore|x86.Build.0 = Debug|Any CPU
		{7DA892A3-D0E0-4DBC-AB65-116DB907A9A5}.Debug|Any CPU.ActiveCfg = Debug|Any CPU
		{7DA892A3-D0E0-4DBC-AB65-116DB907A9A5}.Debug|Any CPU.Build.0 = Debug|Any CPU
		{7DA892A3-D0E0-4DBC-AB65-116DB907A9A5}.Debug|ARM.ActiveCfg = Debug|Any CPU
		{7DA892A3-D0E0-4DBC-AB65-116DB907A9A5}.Debug|ARM.Build.0 = Debug|Any CPU
		{7DA892A3-D0E0-4DBC-AB65-116DB907A9A5}.Debug|iPhone.ActiveCfg = Debug|Any CPU
		{7DA892A3-D0E0-4DBC-AB65-116DB907A9A5}.Debug|iPhone.Build.0 = Debug|Any CPU
		{7DA892A3-D0E0-4DBC-AB65-116DB907A9A5}.Debug|iPhoneSimulator.ActiveCfg = Debug|Any CPU
		{7DA892A3-D0E0-4DBC-AB65-116DB907A9A5}.Debug|iPhoneSimulator.Build.0 = Debug|Any CPU
		{7DA892A3-D0E0-4DBC-AB65-116DB907A9A5}.Debug|x64.ActiveCfg = Debug|Any CPU
		{7DA892A3-D0E0-4DBC-AB65-116DB907A9A5}.Debug|x64.Build.0 = Debug|Any CPU
		{7DA892A3-D0E0-4DBC-AB65-116DB907A9A5}.Debug|x86.ActiveCfg = Debug|Any CPU
		{7DA892A3-D0E0-4DBC-AB65-116DB907A9A5}.Debug|x86.Build.0 = Debug|Any CPU
		{7DA892A3-D0E0-4DBC-AB65-116DB907A9A5}.Release|Any CPU.ActiveCfg = Release|Any CPU
		{7DA892A3-D0E0-4DBC-AB65-116DB907A9A5}.Release|Any CPU.Build.0 = Release|Any CPU
		{7DA892A3-D0E0-4DBC-AB65-116DB907A9A5}.Release|ARM.ActiveCfg = Release|Any CPU
		{7DA892A3-D0E0-4DBC-AB65-116DB907A9A5}.Release|ARM.Build.0 = Release|Any CPU
		{7DA892A3-D0E0-4DBC-AB65-116DB907A9A5}.Release|iPhone.ActiveCfg = Release|Any CPU
		{7DA892A3-D0E0-4DBC-AB65-116DB907A9A5}.Release|iPhone.Build.0 = Release|Any CPU
		{7DA892A3-D0E0-4DBC-AB65-116DB907A9A5}.Release|iPhoneSimulator.ActiveCfg = Release|Any CPU
		{7DA892A3-D0E0-4DBC-AB65-116DB907A9A5}.Release|iPhoneSimulator.Build.0 = Release|Any CPU
		{7DA892A3-D0E0-4DBC-AB65-116DB907A9A5}.Release|x64.ActiveCfg = Release|Any CPU
		{7DA892A3-D0E0-4DBC-AB65-116DB907A9A5}.Release|x64.Build.0 = Release|Any CPU
		{7DA892A3-D0E0-4DBC-AB65-116DB907A9A5}.Release|x86.ActiveCfg = Release|Any CPU
		{7DA892A3-D0E0-4DBC-AB65-116DB907A9A5}.Release|x86.Build.0 = Release|Any CPU
		{D28ABCF8-63A0-4E3A-8DC3-E706176D5A7D}.Ad-Hoc|Any CPU.ActiveCfg = Debug|Any CPU
		{D28ABCF8-63A0-4E3A-8DC3-E706176D5A7D}.Ad-Hoc|Any CPU.Build.0 = Debug|Any CPU
		{D28ABCF8-63A0-4E3A-8DC3-E706176D5A7D}.Ad-Hoc|ARM.ActiveCfg = Debug|Any CPU
		{D28ABCF8-63A0-4E3A-8DC3-E706176D5A7D}.Ad-Hoc|ARM.Build.0 = Debug|Any CPU
		{D28ABCF8-63A0-4E3A-8DC3-E706176D5A7D}.Ad-Hoc|iPhone.ActiveCfg = Debug|Any CPU
		{D28ABCF8-63A0-4E3A-8DC3-E706176D5A7D}.Ad-Hoc|iPhone.Build.0 = Debug|Any CPU
		{D28ABCF8-63A0-4E3A-8DC3-E706176D5A7D}.Ad-Hoc|iPhoneSimulator.ActiveCfg = Debug|Any CPU
		{D28ABCF8-63A0-4E3A-8DC3-E706176D5A7D}.Ad-Hoc|iPhoneSimulator.Build.0 = Debug|Any CPU
		{D28ABCF8-63A0-4E3A-8DC3-E706176D5A7D}.Ad-Hoc|x64.ActiveCfg = Debug|Any CPU
		{D28ABCF8-63A0-4E3A-8DC3-E706176D5A7D}.Ad-Hoc|x64.Build.0 = Debug|Any CPU
		{D28ABCF8-63A0-4E3A-8DC3-E706176D5A7D}.Ad-Hoc|x86.ActiveCfg = Debug|Any CPU
		{D28ABCF8-63A0-4E3A-8DC3-E706176D5A7D}.Ad-Hoc|x86.Build.0 = Debug|Any CPU
		{D28ABCF8-63A0-4E3A-8DC3-E706176D5A7D}.AppStore|Any CPU.ActiveCfg = Debug|Any CPU
		{D28ABCF8-63A0-4E3A-8DC3-E706176D5A7D}.AppStore|Any CPU.Build.0 = Debug|Any CPU
		{D28ABCF8-63A0-4E3A-8DC3-E706176D5A7D}.AppStore|ARM.ActiveCfg = Debug|Any CPU
		{D28ABCF8-63A0-4E3A-8DC3-E706176D5A7D}.AppStore|ARM.Build.0 = Debug|Any CPU
		{D28ABCF8-63A0-4E3A-8DC3-E706176D5A7D}.AppStore|iPhone.ActiveCfg = Debug|Any CPU
		{D28ABCF8-63A0-4E3A-8DC3-E706176D5A7D}.AppStore|iPhone.Build.0 = Debug|Any CPU
		{D28ABCF8-63A0-4E3A-8DC3-E706176D5A7D}.AppStore|iPhoneSimulator.ActiveCfg = Debug|Any CPU
		{D28ABCF8-63A0-4E3A-8DC3-E706176D5A7D}.AppStore|iPhoneSimulator.Build.0 = Debug|Any CPU
		{D28ABCF8-63A0-4E3A-8DC3-E706176D5A7D}.AppStore|x64.ActiveCfg = Debug|Any CPU
		{D28ABCF8-63A0-4E3A-8DC3-E706176D5A7D}.AppStore|x64.Build.0 = Debug|Any CPU
		{D28ABCF8-63A0-4E3A-8DC3-E706176D5A7D}.AppStore|x86.ActiveCfg = Debug|Any CPU
		{D28ABCF8-63A0-4E3A-8DC3-E706176D5A7D}.AppStore|x86.Build.0 = Debug|Any CPU
		{D28ABCF8-63A0-4E3A-8DC3-E706176D5A7D}.Debug|Any CPU.ActiveCfg = Debug|Any CPU
		{D28ABCF8-63A0-4E3A-8DC3-E706176D5A7D}.Debug|Any CPU.Build.0 = Debug|Any CPU
		{D28ABCF8-63A0-4E3A-8DC3-E706176D5A7D}.Debug|ARM.ActiveCfg = Debug|Any CPU
		{D28ABCF8-63A0-4E3A-8DC3-E706176D5A7D}.Debug|ARM.Build.0 = Debug|Any CPU
		{D28ABCF8-63A0-4E3A-8DC3-E706176D5A7D}.Debug|iPhone.ActiveCfg = Debug|Any CPU
		{D28ABCF8-63A0-4E3A-8DC3-E706176D5A7D}.Debug|iPhone.Build.0 = Debug|Any CPU
		{D28ABCF8-63A0-4E3A-8DC3-E706176D5A7D}.Debug|iPhoneSimulator.ActiveCfg = Debug|Any CPU
		{D28ABCF8-63A0-4E3A-8DC3-E706176D5A7D}.Debug|iPhoneSimulator.Build.0 = Debug|Any CPU
		{D28ABCF8-63A0-4E3A-8DC3-E706176D5A7D}.Debug|x64.ActiveCfg = Debug|Any CPU
		{D28ABCF8-63A0-4E3A-8DC3-E706176D5A7D}.Debug|x64.Build.0 = Debug|Any CPU
		{D28ABCF8-63A0-4E3A-8DC3-E706176D5A7D}.Debug|x86.ActiveCfg = Debug|Any CPU
		{D28ABCF8-63A0-4E3A-8DC3-E706176D5A7D}.Debug|x86.Build.0 = Debug|Any CPU
		{D28ABCF8-63A0-4E3A-8DC3-E706176D5A7D}.Release|Any CPU.ActiveCfg = Release|Any CPU
		{D28ABCF8-63A0-4E3A-8DC3-E706176D5A7D}.Release|Any CPU.Build.0 = Release|Any CPU
		{D28ABCF8-63A0-4E3A-8DC3-E706176D5A7D}.Release|ARM.ActiveCfg = Release|Any CPU
		{D28ABCF8-63A0-4E3A-8DC3-E706176D5A7D}.Release|ARM.Build.0 = Release|Any CPU
		{D28ABCF8-63A0-4E3A-8DC3-E706176D5A7D}.Release|iPhone.ActiveCfg = Release|Any CPU
		{D28ABCF8-63A0-4E3A-8DC3-E706176D5A7D}.Release|iPhone.Build.0 = Release|Any CPU
		{D28ABCF8-63A0-4E3A-8DC3-E706176D5A7D}.Release|iPhoneSimulator.ActiveCfg = Release|Any CPU
		{D28ABCF8-63A0-4E3A-8DC3-E706176D5A7D}.Release|iPhoneSimulator.Build.0 = Release|Any CPU
		{D28ABCF8-63A0-4E3A-8DC3-E706176D5A7D}.Release|x64.ActiveCfg = Release|Any CPU
		{D28ABCF8-63A0-4E3A-8DC3-E706176D5A7D}.Release|x64.Build.0 = Release|Any CPU
		{D28ABCF8-63A0-4E3A-8DC3-E706176D5A7D}.Release|x86.ActiveCfg = Release|Any CPU
		{D28ABCF8-63A0-4E3A-8DC3-E706176D5A7D}.Release|x86.Build.0 = Release|Any CPU
		{21375F40-553A-4ADC-8D57-866FA341857E}.Ad-Hoc|Any CPU.ActiveCfg = Debug|Any CPU
		{21375F40-553A-4ADC-8D57-866FA341857E}.Ad-Hoc|Any CPU.Build.0 = Debug|Any CPU
		{21375F40-553A-4ADC-8D57-866FA341857E}.Ad-Hoc|ARM.ActiveCfg = Debug|Any CPU
		{21375F40-553A-4ADC-8D57-866FA341857E}.Ad-Hoc|ARM.Build.0 = Debug|Any CPU
		{21375F40-553A-4ADC-8D57-866FA341857E}.Ad-Hoc|iPhone.ActiveCfg = Debug|Any CPU
		{21375F40-553A-4ADC-8D57-866FA341857E}.Ad-Hoc|iPhone.Build.0 = Debug|Any CPU
		{21375F40-553A-4ADC-8D57-866FA341857E}.Ad-Hoc|iPhoneSimulator.ActiveCfg = Debug|Any CPU
		{21375F40-553A-4ADC-8D57-866FA341857E}.Ad-Hoc|iPhoneSimulator.Build.0 = Debug|Any CPU
		{21375F40-553A-4ADC-8D57-866FA341857E}.Ad-Hoc|x64.ActiveCfg = Debug|Any CPU
		{21375F40-553A-4ADC-8D57-866FA341857E}.Ad-Hoc|x64.Build.0 = Debug|Any CPU
		{21375F40-553A-4ADC-8D57-866FA341857E}.Ad-Hoc|x86.ActiveCfg = Debug|Any CPU
		{21375F40-553A-4ADC-8D57-866FA341857E}.Ad-Hoc|x86.Build.0 = Debug|Any CPU
		{21375F40-553A-4ADC-8D57-866FA341857E}.AppStore|Any CPU.ActiveCfg = Debug|Any CPU
		{21375F40-553A-4ADC-8D57-866FA341857E}.AppStore|Any CPU.Build.0 = Debug|Any CPU
		{21375F40-553A-4ADC-8D57-866FA341857E}.AppStore|ARM.ActiveCfg = Debug|Any CPU
		{21375F40-553A-4ADC-8D57-866FA341857E}.AppStore|ARM.Build.0 = Debug|Any CPU
		{21375F40-553A-4ADC-8D57-866FA341857E}.AppStore|iPhone.ActiveCfg = Debug|Any CPU
		{21375F40-553A-4ADC-8D57-866FA341857E}.AppStore|iPhone.Build.0 = Debug|Any CPU
		{21375F40-553A-4ADC-8D57-866FA341857E}.AppStore|iPhoneSimulator.ActiveCfg = Debug|Any CPU
		{21375F40-553A-4ADC-8D57-866FA341857E}.AppStore|iPhoneSimulator.Build.0 = Debug|Any CPU
		{21375F40-553A-4ADC-8D57-866FA341857E}.AppStore|x64.ActiveCfg = Debug|Any CPU
		{21375F40-553A-4ADC-8D57-866FA341857E}.AppStore|x64.Build.0 = Debug|Any CPU
		{21375F40-553A-4ADC-8D57-866FA341857E}.AppStore|x86.ActiveCfg = Debug|Any CPU
		{21375F40-553A-4ADC-8D57-866FA341857E}.AppStore|x86.Build.0 = Debug|Any CPU
		{21375F40-553A-4ADC-8D57-866FA341857E}.Debug|Any CPU.ActiveCfg = Debug|Any CPU
		{21375F40-553A-4ADC-8D57-866FA341857E}.Debug|Any CPU.Build.0 = Debug|Any CPU
		{21375F40-553A-4ADC-8D57-866FA341857E}.Debug|ARM.ActiveCfg = Debug|Any CPU
		{21375F40-553A-4ADC-8D57-866FA341857E}.Debug|ARM.Build.0 = Debug|Any CPU
		{21375F40-553A-4ADC-8D57-866FA341857E}.Debug|iPhone.ActiveCfg = Debug|Any CPU
		{21375F40-553A-4ADC-8D57-866FA341857E}.Debug|iPhone.Build.0 = Debug|Any CPU
		{21375F40-553A-4ADC-8D57-866FA341857E}.Debug|iPhoneSimulator.ActiveCfg = Debug|Any CPU
		{21375F40-553A-4ADC-8D57-866FA341857E}.Debug|iPhoneSimulator.Build.0 = Debug|Any CPU
		{21375F40-553A-4ADC-8D57-866FA341857E}.Debug|x64.ActiveCfg = Debug|Any CPU
		{21375F40-553A-4ADC-8D57-866FA341857E}.Debug|x64.Build.0 = Debug|Any CPU
		{21375F40-553A-4ADC-8D57-866FA341857E}.Debug|x86.ActiveCfg = Debug|Any CPU
		{21375F40-553A-4ADC-8D57-866FA341857E}.Debug|x86.Build.0 = Debug|Any CPU
		{21375F40-553A-4ADC-8D57-866FA341857E}.Release|Any CPU.ActiveCfg = Release|Any CPU
		{21375F40-553A-4ADC-8D57-866FA341857E}.Release|Any CPU.Build.0 = Release|Any CPU
		{21375F40-553A-4ADC-8D57-866FA341857E}.Release|ARM.ActiveCfg = Release|Any CPU
		{21375F40-553A-4ADC-8D57-866FA341857E}.Release|ARM.Build.0 = Release|Any CPU
		{21375F40-553A-4ADC-8D57-866FA341857E}.Release|iPhone.ActiveCfg = Release|Any CPU
		{21375F40-553A-4ADC-8D57-866FA341857E}.Release|iPhone.Build.0 = Release|Any CPU
		{21375F40-553A-4ADC-8D57-866FA341857E}.Release|iPhoneSimulator.ActiveCfg = Release|Any CPU
		{21375F40-553A-4ADC-8D57-866FA341857E}.Release|iPhoneSimulator.Build.0 = Release|Any CPU
		{21375F40-553A-4ADC-8D57-866FA341857E}.Release|x64.ActiveCfg = Release|Any CPU
		{21375F40-553A-4ADC-8D57-866FA341857E}.Release|x64.Build.0 = Release|Any CPU
		{21375F40-553A-4ADC-8D57-866FA341857E}.Release|x86.ActiveCfg = Release|Any CPU
		{21375F40-553A-4ADC-8D57-866FA341857E}.Release|x86.Build.0 = Release|Any CPU
	EndGlobalSection
	GlobalSection(SolutionProperties) = preSolution
		HideSolutionNode = FALSE
	EndGlobalSection
	GlobalSection(ExtensibilityGlobals) = postSolution
		SolutionGuid = {766A3EFC-703A-4457-9BA5-2B7ACABC45CE}
	EndGlobalSection
EndGlobal
