
Microsoft Visual Studio Solution File, Format Version 12.00
# Visual Studio 15
VisualStudioVersion = 15.0.26730.16
MinimumVisualStudioVersion = 10.0.40219.1
Project("{FAE04EC0-301F-11D3-BF4B-00C04F79EFBC}") = "TOIFeedServer", "TOIFeedServer\TOIFeedServer.csproj", "{DCEBD9C8-E45A-4A86-A318-0BD0CA22DA69}"
EndProject
Project("{FAE04EC0-301F-11D3-BF4B-00C04F79EFBC}") = "TOIFeedServer.Tests", "TOIFeedServer.Tests\TOIFeedServer.Tests.csproj", "{85FF5B6A-AD30-4503-BFCC-207A16F109AF}"
EndProject
Project("{FAE04EC0-301F-11D3-BF4B-00C04F79EFBC}") = "TOIWebClient", "TOIWebClient\TOIWebClient.csproj", "{07D644BD-3CB1-4578-8972-419E54B8BB7A}"
EndProject
Project("{FAE04EC0-301F-11D3-BF4B-00C04F79EFBC}") = "TOIWebClient.Tests", "TOIWebClient.Tests\TOIWebClient.Tests.csproj", "{7DA892A3-D0E0-4DBC-AB65-116DB907A9A5}"
EndProject
Project("{9A19103F-16F7-4668-BE54-9A1E7A4F7556}") = "TOIFeedRepo", "TOIFeedRepo\TOIFeedRepo.csproj", "{D28ABCF8-63A0-4E3A-8DC3-E706176D5A7D}"
EndProject
Project("{FAE04EC0-301F-11D3-BF4B-00C04F79EFBC}") = "TOIFeedRepo.Tests", "TOIFeedRepo.Tests\TOIFeedRepo.Tests.csproj", "{21375F40-553A-4ADC-8D57-866FA341857E}"
EndProject
Global
	GlobalSection(SolutionConfigurationPlatforms) = preSolution
		Debug|Any CPU = Debug|Any CPU
		Release|Any CPU = Release|Any CPU
	EndGlobalSection
	GlobalSection(ProjectConfigurationPlatforms) = postSolution
		{D28ABCF8-63A0-4E3A-8DC3-E706176D5A7D}.Debug|Any CPU.ActiveCfg = Debug|Any CPU
		{D28ABCF8-63A0-4E3A-8DC3-E706176D5A7D}.Debug|Any CPU.Build.0 = Debug|Any CPU
		{D28ABCF8-63A0-4E3A-8DC3-E706176D5A7D}.Release|Any CPU.ActiveCfg = Release|Any CPU
		{D28ABCF8-63A0-4E3A-8DC3-E706176D5A7D}.Release|Any CPU.Build.0 = Release|Any CPU
	EndGlobalSection
	GlobalSection(SolutionProperties) = preSolution
		HideSolutionNode = FALSE
	EndGlobalSection
	GlobalSection(ExtensibilityGlobals) = postSolution
		SolutionGuid = {766A3EFC-703A-4457-9BA5-2B7ACABC45CE}
	EndGlobalSection
EndGlobal
